Microsoft Visual Studio Solution File, Format Version 12.00
# Visual Studio 2012
Project("{FAE04EC0-301F-11D3-BF4B-00C04F79EFBC}") = "Mini Jam 125", "Mini Jam 125.csproj", "{E2682427-6221-4586-8C7B-182454F612DE}"
EndProject
Global
	GlobalSection(SolutionConfigurationPlatforms) = preSolution
	Debug|Any CPU = Debug|Any CPU
	ExportDebug|Any CPU = ExportDebug|Any CPU
	ExportRelease|Any CPU = ExportRelease|Any CPU
	EndGlobalSection
	GlobalSection(ProjectConfigurationPlatforms) = postSolution
		{E2682427-6221-4586-8C7B-182454F612DE}.Debug|Any CPU.ActiveCfg = Debug|Any CPU
		{E2682427-6221-4586-8C7B-182454F612DE}.Debug|Any CPU.Build.0 = Debug|Any CPU
		{E2682427-6221-4586-8C7B-182454F612DE}.ExportDebug|Any CPU.ActiveCfg = ExportDebug|Any CPU
		{E2682427-6221-4586-8C7B-182454F612DE}.ExportDebug|Any CPU.Build.0 = ExportDebug|Any CPU
		{E2682427-6221-4586-8C7B-182454F612DE}.ExportRelease|Any CPU.ActiveCfg = ExportRelease|Any CPU
		{E2682427-6221-4586-8C7B-182454F612DE}.ExportRelease|Any CPU.Build.0 = ExportRelease|Any CPU
	EndGlobalSection
EndGlobal
